<?xml version="1.0" encoding="utf-8"?>
<Project ToolsVersion="4.0" xmlns="http://schemas.microsoft.com/developer/msbuild/2003">
  <ItemGroup>
    <Filter Include="Managers">
      <UniqueIdentifier>{B34CFEBD-9F19-59C9-C832-4771B45E8E57}</UniqueIdentifier>
    </Filter>
    <Filter Include="Tile">
      <UniqueIdentifier>{53EC8C7C-3F23-8E0D-E80F-7410D4250A0F}</UniqueIdentifier>
    </Filter>
    <Filter Include="TileObjects">
      <UniqueIdentifier>{5DFA2C5E-C9AF-A553-52A4-9F2ABE589C57}</UniqueIdentifier>
    </Filter>
  </ItemGroup>
  <ItemGroup>
    <ClInclude Include="src\Managers\GridManager.h">
      <Filter>Managers</Filter>
    </ClInclude>
    <ClInclude Include="src\Sandbox2D.h" />
    <ClInclude Include="src\Tile\Tile.h">
      <Filter>Tile</Filter>
    </ClInclude>
    <ClInclude Include="src\TileObjects\Block.h">
      <Filter>TileObjects</Filter>
    </ClInclude>
    <ClInclude Include="src\TileObjects\ClickableTileObject.h">
      <Filter>TileObjects</Filter>
    </ClInclude>
    <ClInclude Include="src\TileObjects\RedTile.h">
      <Filter>TileObjects</Filter>
    </ClInclude>
    <ClInclude Include="src\TileObjects\TileObject.h">
      <Filter>TileObjects</Filter>
    </ClInclude>
    <ClInclude Include="src\Tile\PresentTile.h" />
    <ClInclude Include="src\Tile\AbsentTile.h" />
    <ClInclude Include="src\TileTypes.h" />
    <ClInclude Include="src\TileObjects\BlueTile.h" />
    <ClInclude Include="src\TileObjects\EmptyTileObject.h" />
    <ClInclude Include="src\TileObjects\GreenTile.h" />
    <ClInclude Include="src\TileObjects\PurpleTile.h" />
    <ClInclude Include="src\TileObjects\YellowTile.h" />
    <ClInclude Include="src\Managers\AnimationManager.h" />
    <ClInclude Include="src\TileObjects\RocketTileObject.h" />
    <ClInclude Include="src\TileObjects\IHitableTileObject.h" />
  </ItemGroup>
  <ItemGroup>
    <ClCompile Include="src\Managers\GridManager.cpp">
      <Filter>Managers</Filter>
    </ClCompile>
    <ClCompile Include="src\Sandbox2D.cpp" />
    <ClCompile Include="src\SandboxApp.cpp" />
    <ClCompile Include="src\TileObjects\Block.cpp">
      <Filter>TileObjects</Filter>
    </ClCompile>
    <ClCompile Include="src\Tile\PresentTile.cpp" />
    <ClCompile Include="src\Tile\AbsentTile.cpp" />
    <ClCompile Include="src\Managers\AnimationManager.cpp" />
    <ClCompile Include="src\TileObjects\RocketTileObject.cpp" />
  </ItemGroup>
</Project>