<?xml version="1.0" encoding="utf-8"?>
<Project ToolsVersion="4.0" xmlns="http://schemas.microsoft.com/developer/msbuild/2003">
  <ItemGroup>
    <Filter Include="Managers">
      <UniqueIdentifier>{B34CFEBD-9F19-59C9-C832-4771B45E8E57}</UniqueIdentifier>
    </Filter>
    <Filter Include="Tile">
      <UniqueIdentifier>{53EC8C7C-3F23-8E0D-E80F-7410D4250A0F}</UniqueIdentifier>
    </Filter>
    <Filter Include="TileObjects">
      <UniqueIdentifier>{5DFA2C5E-C9AF-A553-52A4-9F2ABE589C57}</UniqueIdentifier>
    </Filter>
    <Filter Include="TileObjects\MatchObjects">
      <UniqueIdentifier>{232740A1-0F4C-8F21-3897-74B1241B8E3F}</UniqueIdentifier>
    </Filter>
  </ItemGroup>
  <ItemGroup>
    <ClInclude Include="src\Managers\AnimationManager.h">
      <Filter>Managers</Filter>
    </ClInclude>
    <ClInclude Include="src\Managers\GridEvent.h">
      <Filter>Managers</Filter>
    </ClInclude>
    <ClInclude Include="src\Managers\GridManager.h">
      <Filter>Managers</Filter>
    </ClInclude>
    <ClInclude Include="src\Sandbox2D.h" />
    <ClInclude Include="src\Tile\AbsentTile.h">
      <Filter>Tile</Filter>
    </ClInclude>
    <ClInclude Include="src\Tile\PresentTile.h">
      <Filter>Tile</Filter>
    </ClInclude>
    <ClInclude Include="src\Tile\Tile.h">
      <Filter>Tile</Filter>
    </ClInclude>
    <ClInclude Include="src\TileObjects\Anchor.h">
      <Filter>TileObjects</Filter>
    </ClInclude>
    <ClInclude Include="src\TileObjects\ClickableTileObject.h">
      <Filter>TileObjects</Filter>
    </ClInclude>
    <ClInclude Include="src\TileObjects\EmptyTileObject.h">
      <Filter>TileObjects</Filter>
    </ClInclude>
    <ClInclude Include="src\TileObjects\IHitableTileObject.h">
      <Filter>TileObjects</Filter>
    </ClInclude>
    <ClInclude Include="src\TileObjects\MatchObjects\Block.h">
      <Filter>TileObjects\MatchObjects</Filter>
    </ClInclude>
    <ClInclude Include="src\TileObjects\MatchObjects\GreenTile.h">
      <Filter>TileObjects\MatchObjects</Filter>
    </ClInclude>
    <ClInclude Include="src\TileObjects\MatchObjects\Pearl.h">
      <Filter>TileObjects\MatchObjects</Filter>
    </ClInclude>
    <ClInclude Include="src\TileObjects\MatchObjects\Shell.h">
      <Filter>TileObjects\MatchObjects</Filter>
    </ClInclude>
    <ClInclude Include="src\TileObjects\MatchObjects\Star.h">
      <Filter>TileObjects\MatchObjects</Filter>
    </ClInclude>
    <ClInclude Include="src\TileObjects\MatchObjects\YellowTile.h">
      <Filter>TileObjects\MatchObjects</Filter>
    </ClInclude>
    <ClInclude Include="src\TileObjects\RocketTileObject.h">
      <Filter>TileObjects</Filter>
    </ClInclude>
    <ClInclude Include="src\TileObjects\TileObject.h">
      <Filter>TileObjects</Filter>
    </ClInclude>
    <ClInclude Include="src\TileTypes.h" />
  </ItemGroup>
  <ItemGroup>
    <ClCompile Include="src\Managers\AnimationManager.cpp">
      <Filter>Managers</Filter>
    </ClCompile>
    <ClCompile Include="src\Managers\GridManager.cpp">
      <Filter>Managers</Filter>
    </ClCompile>
    <ClCompile Include="src\Sandbox2D.cpp" />
    <ClCompile Include="src\SandboxApp.cpp" />
    <ClCompile Include="src\Tile\AbsentTile.cpp">
      <Filter>Tile</Filter>
    </ClCompile>
    <ClCompile Include="src\Tile\PresentTile.cpp">
      <Filter>Tile</Filter>
    </ClCompile>
    <ClCompile Include="src\TileObjects\Anchor.cpp">
      <Filter>TileObjects</Filter>
    </ClCompile>
    <ClCompile Include="src\TileObjects\MatchObjects\Block.cpp">
      <Filter>TileObjects\MatchObjects</Filter>
    </ClCompile>
    <ClCompile Include="src\TileObjects\MatchObjects\Pearl.cpp">
      <Filter>TileObjects\MatchObjects</Filter>
    </ClCompile>
    <ClCompile Include="src\TileObjects\MatchObjects\Shell.cpp">
      <Filter>TileObjects\MatchObjects</Filter>
    </ClCompile>
    <ClCompile Include="src\TileObjects\MatchObjects\Star.cpp">
      <Filter>TileObjects\MatchObjects</Filter>
    </ClCompile>
    <ClCompile Include="src\TileObjects\RocketTileObject.cpp">
      <Filter>TileObjects</Filter>
    </ClCompile>
  </ItemGroup>
</Project>