
Microsoft Visual Studio Solution File, Format Version 12.00
# Visual Studio Version 17
VisualStudioVersion = 17.10.35122.118
MinimumVisualStudioVersion = 10.0.40219.1
Project("{8BC9CEB8-8B4A-11D0-8D11-00A0C91BC942}") = "Sandbox", "Sandbox\Sandbox.vcxproj", "{75F293C8-4463-4B81-BB49-FD2A8DF66611}"
EndProject
Project("{8BC9CEB8-8B4A-11D0-8D11-00A0C91BC942}") = "Ovis", "Ovis\Ovis.vcxproj", "{06214DDC-A7F4-4D4B-B266-0BF7C7A776D8}"
EndProject
Global
	GlobalSection(SolutionConfigurationPlatforms) = preSolution
		Debug|x64 = Debug|x64
		Release|x64 = Release|x64
	EndGlobalSection
	GlobalSection(ProjectConfigurationPlatforms) = postSolution
		{06214DDC-A7F4-4D4B-B266-0BF7C7A776D8}.Debug|x64.ActiveCfg = Debug|x64
		{06214DDC-A7F4-4D4B-B266-0BF7C7A776D8}.Debug|x64.Build.0 = Debug|x64
		{06214DDC-A7F4-4D4B-B266-0BF7C7A776D8}.Release|x64.ActiveCfg = Release|x64
		{06214DDC-A7F4-4D4B-B266-0BF7C7A776D8}.Release|x64.Build.0 = Release|x64
		{75F293C8-4463-4B81-BB49-FD2A8DF66611}.Debug|x64.ActiveCfg = Debug|x64
		{75F293C8-4463-4B81-BB49-FD2A8DF66611}.Debug|x64.Build.0 = Debug|x64
		{75F293C8-4463-4B81-BB49-FD2A8DF66611}.Release|x64.ActiveCfg = Release|x64
		{75F293C8-4463-4B81-BB49-FD2A8DF66611}.Release|x64.Build.0 = Release|x64
	EndGlobalSection
	GlobalSection(SolutionProperties) = preSolution
		HideSolutionNode = FALSE
	EndGlobalSection
	GlobalSection(ExtensibilityGlobals) = postSolution
		SolutionGuid = {33735D85-63D6-462C-A0A7-602326BBB546}
	EndGlobalSection
EndGlobal
