<?xml version="1.0" encoding="utf-8"?>
<Project ToolsVersion="4.0" xmlns="http://schemas.microsoft.com/developer/msbuild/2003">
  <ItemGroup>
    <Filter Include="Ovis">
      <UniqueIdentifier>{66658A7C-529C-8B0D-FB88-7110E79E070F}</UniqueIdentifier>
    </Filter>
    <Filter Include="Ovis\Events">
      <UniqueIdentifier>{8A42F7A3-F6F7-6F99-7FEC-6970EBA0669D}</UniqueIdentifier>
    </Filter>
    <Filter Include="Platform">
      <UniqueIdentifier>{2AC788B4-1694-E3BF-3FAD-D1672BD9184E}</UniqueIdentifier>
    </Filter>
    <Filter Include="Platform\Windows">
      <UniqueIdentifier>{64FBD71A-50F4-F66C-7926-DCF1657ED678}</UniqueIdentifier>
    </Filter>
  </ItemGroup>
  <ItemGroup>
    <ClInclude Include="src\Ovis.h" />
    <ClInclude Include="src\Ovis\Application.h">
      <Filter>Ovis</Filter>
    </ClInclude>
    <ClInclude Include="src\Ovis\Core.h">
      <Filter>Ovis</Filter>
    </ClInclude>
    <ClInclude Include="src\Ovis\EntryPoint.h">
      <Filter>Ovis</Filter>
    </ClInclude>
    <ClInclude Include="src\Ovis\Events\ApplicationEvent.h">
      <Filter>Ovis\Events</Filter>
    </ClInclude>
    <ClInclude Include="src\Ovis\Events\Event.h">
      <Filter>Ovis\Events</Filter>
    </ClInclude>
    <ClInclude Include="src\Ovis\Events\KeyEvent.h">
      <Filter>Ovis\Events</Filter>
    </ClInclude>
    <ClInclude Include="src\Ovis\Events\MouseEvent.h">
      <Filter>Ovis\Events</Filter>
    </ClInclude>
    <ClInclude Include="src\Ovis\Log.h">
      <Filter>Ovis</Filter>
    </ClInclude>
    <ClInclude Include="src\Ovis\Window.h">
      <Filter>Ovis</Filter>
    </ClInclude>
    <ClInclude Include="src\Platform\Windows\WindowsWindow.h">
      <Filter>Platform\Windows</Filter>
    </ClInclude>
    <ClInclude Include="src\ovpch.h" />
    <ClInclude Include="src\Ovis\Layer.h" />
    <ClInclude Include="src\Ovis\LayerStack.h" />
  </ItemGroup>
  <ItemGroup>
    <ClCompile Include="src\Ovis\Application.cpp">
      <Filter>Ovis</Filter>
    </ClCompile>
    <ClCompile Include="src\Ovis\Log.cpp">
      <Filter>Ovis</Filter>
    </ClCompile>
    <ClCompile Include="src\Platform\Windows\WindowsWindow.cpp">
      <Filter>Platform\Windows</Filter>
    </ClCompile>
    <ClCompile Include="src\ovpch.cpp" />
    <ClCompile Include="src\Ovis\Layer.cpp" />
    <ClCompile Include="src\Ovis\LayerStack.cpp" />
  </ItemGroup>
</Project>